{
  "version": 4,
  "terraform_version": "1.2.5",
  "serial": 57,
  "lineage": "c813222d-d205-587f-f3a4-06607ebd427c",
  "outputs": {
    "name": {
      "value": {
        "arn": "arn:aws:autoscaling:us-east-1:010978120347:launchConfiguration:6a012c98-6ba8-4602-aa1e-6c8d394cb928:launchConfigurationName/web_config",
        "associate_public_ip_address": true,
        "ebs_block_device": [],
        "ebs_optimized": false,
        "enable_monitoring": true,
        "ephemeral_block_device": [],
        "iam_instance_profile": "",
        "id": "web_config",
        "image_id": "ami-000b3a073fc20e415",
        "instance_type": "t2.micro",
        "key_name": "key_demo",
        "metadata_options": [],
        "name": "web_config",
        "name_prefix": "",
        "placement_tenancy": "",
        "root_block_device": [],
        "security_groups": [
          "sg-01792d5d4931b750b"
        ],
        "spot_price": "",
        "user_data": "d00e5d9350bc828543f693b595637331ab7c6715",
        "user_data_base64": null,
        "vpc_classic_link_id": "",
        "vpc_classic_link_security_groups": null
      },
      "type": [
        "object",
        {
          "arn": "string",
          "associate_public_ip_address": "bool",
          "ebs_block_device": [
            "set",
            [
              "object",
              {
                "delete_on_termination": "bool",
                "device_name": "string",
                "encrypted": "bool",
                "iops": "number",
                "no_device": "bool",
                "snapshot_id": "string",
                "throughput": "number",
                "volume_size": "number",
                "volume_type": "string"
              }
            ]
          ],
          "ebs_optimized": "bool",
          "enable_monitoring": "bool",
          "ephemeral_block_device": [
            "set",
            [
              "object",
              {
                "device_name": "string",
                "no_device": "bool",
                "virtual_name": "string"
              }
            ]
          ],
          "iam_instance_profile": "string",
          "id": "string",
          "image_id": "string",
          "instance_type": "string",
          "key_name": "string",
          "metadata_options": [
            "list",
            [
              "object",
              {
                "http_endpoint": "string",
                "http_put_response_hop_limit": "number",
                "http_tokens": "string"
              }
            ]
          ],
          "name": "string",
          "name_prefix": "string",
          "placement_tenancy": "string",
          "root_block_device": [
            "list",
            [
              "object",
              {
                "delete_on_termination": "bool",
                "encrypted": "bool",
                "iops": "number",
                "throughput": "number",
                "volume_size": "number",
                "volume_type": "string"
              }
            ]
          ],
          "security_groups": [
            "set",
            "string"
          ],
          "spot_price": "string",
          "user_data": "string",
          "user_data_base64": "string",
          "vpc_classic_link_id": "string",
          "vpc_classic_link_security_groups": [
            "set",
            "string"
          ]
        }
      ]
    }
  },
  "resources": [
    {
      "mode": "data",
      "type": "aws_ami",
      "name": "ubuntu",
      "provider": "provider[\"registry.terraform.io/hashicorp/aws\"]",
      "instances": [
        {
          "schema_version": 0,
          "attributes": {
            "architecture": "x86_64",
            "arn": "arn:aws:ec2:us-east-1::image/ami-000b3a073fc20e415",
            "block_device_mappings": [
              {
                "device_name": "/dev/sda1",
                "ebs": {
                  "delete_on_termination": "true",
                  "encrypted": "false",
                  "iops": "0",
                  "snapshot_id": "snap-0d0c75281cdaf5fe5",
                  "throughput": "0",
                  "volume_size": "8",
                  "volume_type": "gp2"
                },
                "no_device": "",
                "virtual_name": ""
              },
              {
                "device_name": "/dev/sdb",
                "ebs": {},
                "no_device": "",
                "virtual_name": "ephemeral0"
              },
              {
                "device_name": "/dev/sdc",
                "ebs": {},
                "no_device": "",
                "virtual_name": "ephemeral1"
              }
            ],
            "boot_mode": "",
            "creation_date": "2019-11-11T13:12:33.000Z",
            "deprecation_time": "2022-08-28T23:59:59.000Z",
            "description": "Canonical, Ubuntu, 14.04 LTS, amd64 trusty image build on 2019-11-07",
            "ena_support": true,
            "executable_users": null,
            "filter": [
              {
                "name": "name",
                "values": [
                  "ubuntu/images/hvm-ssd/ubuntu-trusty-14.04-amd64-server-*"
                ]
              },
              {
                "name": "virtualization-type",
                "values": [
                  "hvm"
                ]
              }
            ],
            "hypervisor": "xen",
            "id": "ami-000b3a073fc20e415",
            "image_id": "ami-000b3a073fc20e415",
            "image_location": "099720109477/ubuntu/images/hvm-ssd/ubuntu-trusty-14.04-amd64-server-20191107",
            "image_owner_alias": "",
            "image_type": "machine",
            "include_deprecated": false,
            "kernel_id": "",
            "most_recent": true,
            "name": "ubuntu/images/hvm-ssd/ubuntu-trusty-14.04-amd64-server-20191107",
            "name_regex": null,
            "owner_id": "099720109477",
            "owners": [
              "099720109477"
            ],
            "platform": "",
            "platform_details": "Linux/UNIX",
            "product_codes": [],
            "public": true,
            "ramdisk_id": "",
            "root_device_name": "/dev/sda1",
            "root_device_type": "ebs",
            "root_snapshot_id": "snap-0d0c75281cdaf5fe5",
            "sriov_net_support": "simple",
            "state": "available",
            "state_reason": {
              "code": "UNSET",
              "message": "UNSET"
            },
            "tags": {},
            "tpm_support": "",
            "usage_operation": "RunInstances",
            "virtualization_type": "hvm"
          },
          "sensitive_attributes": []
        }
      ]
    },
    {
      "mode": "data",
      "type": "aws_security_group",
      "name": "db_security_group_available",
      "provider": "provider[\"registry.terraform.io/hashicorp/aws\"]",
      "instances": [
        {
          "schema_version": 0,
          "attributes": {
            "arn": "arn:aws:ec2:us-east-1:010978120347:security-group/sg-01792d5d4931b750b",
            "description": "Allow TLS inbound traffic",
            "filter": [
              {
                "name": "tag:Name",
                "values": [
                  "SecurityGroup"
                ]
              }
            ],
            "id": "sg-01792d5d4931b750b",
            "name": "allow_tls",
            "tags": {
              "Name": "SecurityGroup"
            },
            "vpc_id": "vpc-089f9c79921b1cd7a"
          },
          "sensitive_attributes": []
        }
      ]
    },
    {
      "mode": "data",
      "type": "aws_subnet_ids",
      "name": "db_subnet_available",
      "provider": "provider[\"registry.terraform.io/hashicorp/aws\"]",
      "instances": [
        {
          "schema_version": 0,
          "attributes": {
            "filter": [
              {
                "name": "tag:Name",
                "values": [
                  "private_sub_db*"
                ]
              }
            ],
            "id": "vpc-089f9c79921b1cd7a",
            "ids": [
              "subnet-051b8fe59d57f6f77",
              "subnet-06b6958fbe4ba6a52"
            ],
            "tags": null,
            "vpc_id": "vpc-089f9c79921b1cd7a"
          },
          "sensitive_attributes": []
        }
      ]
    },
    {
      "mode": "data",
      "type": "aws_vpc",
      "name": "vpc_available",
      "provider": "provider[\"registry.terraform.io/hashicorp/aws\"]",
      "instances": [
        {
          "schema_version": 0,
          "attributes": {
            "arn": "arn:aws:ec2:us-east-1:010978120347:vpc/vpc-089f9c79921b1cd7a",
            "cidr_block": "10.0.0.0/16",
            "cidr_block_associations": [
              {
                "association_id": "vpc-cidr-assoc-02282d0bb72bf60b0",
                "cidr_block": "10.0.0.0/16",
                "state": "associated"
              }
            ],
            "default": false,
            "dhcp_options_id": "dopt-0947cb5db60337ffa",
            "enable_dns_hostnames": false,
            "enable_dns_support": true,
            "filter": [
              {
                "name": "tag:Name",
                "values": [
                  "vpc_name_tag"
                ]
              }
            ],
            "id": "vpc-089f9c79921b1cd7a",
            "instance_tenancy": "default",
            "ipv6_association_id": "",
            "ipv6_cidr_block": "",
            "main_route_table_id": "rtb-0e15566bc73962db4",
            "owner_id": "010978120347",
            "state": null,
            "tags": {
              "Name": "vpc_name_tag"
            }
          },
          "sensitive_attributes": []
        }
      ]
    },
    {
      "mode": "data",
      "type": "template_file",
      "name": "user_data",
      "provider": "provider[\"registry.terraform.io/hashicorp/template\"]",
      "instances": [
        {
          "schema_version": 0,
          "attributes": {
            "filename": null,
            "id": "2d333de22775931dcf1bdc6bb3958e2f0f8a9a91c8916654124ddad810cde51f",
            "rendered": "##########      Link = https://registry.terraform.io/providers/serverscom/serverscom/latest/docs/guides/user-data       #########\n\n#!/bin/bash\n\n###  SYSTEM UPDATE ###\nsudo apt update -y\nsudo apt upgrade -y\n\n\n###   INSTALL REQUIRED SOFTWARE AND DATABASE  ###\nsudo apt install apache2 -y\nsudo apt install mariadb-server -y\nsudo apt install php7.2 -y\nsudo apt install default-jdk -y\nwget https://dlcdn.apache.org/tomcat/tomcat-10/v10.0.20/bin/apache-tomcat-10.0.20.tar.gz\nsudo tar xzvf apache-tomcat-10*tar.gz -C /mnt\n\n\n\n\n\n\n###   START ENABLE AND RESTART WEB SERVER AND DATABASE SERVER   ###  \nsystemctl start apache2\nsystemctl enable apache2\nsystemctl start mariadb\nsystemctl enable mariadb\n\n###    SET MARIA DB ROOT PASSWORD    ###\nmysqladmin -u root password $DBRootPassword\n\n\n\n### DATABASE NAME AND PASSWORD SETUP WITH USING VARIABLES   ###\nDBName='my_database'\nDBUser='student'\nDBPassword='student123'\nDBRootPassword='student123'\nDBEndpoint='terraform-20220728140711562300000001.c51ts2vw0rg9.us-east-1.rds.amazonaws.com'\n\n\n\n",
            "template": "##########      Link = https://registry.terraform.io/providers/serverscom/serverscom/latest/docs/guides/user-data       #########\n\n#!/bin/bash\n\n###  SYSTEM UPDATE ###\nsudo apt update -y\nsudo apt upgrade -y\n\n\n###   INSTALL REQUIRED SOFTWARE AND DATABASE  ###\nsudo apt install apache2 -y\nsudo apt install mariadb-server -y\nsudo apt install php7.2 -y\nsudo apt install default-jdk -y\nwget https://dlcdn.apache.org/tomcat/tomcat-10/v10.0.20/bin/apache-tomcat-10.0.20.tar.gz\nsudo tar xzvf apache-tomcat-10*tar.gz -C /mnt\n\n\n\n\n\n\n###   START ENABLE AND RESTART WEB SERVER AND DATABASE SERVER   ###  \nsystemctl start apache2\nsystemctl enable apache2\nsystemctl start mariadb\nsystemctl enable mariadb\n\n###    SET MARIA DB ROOT PASSWORD    ###\nmysqladmin -u root password $DBRootPassword\n\n\n\n### DATABASE NAME AND PASSWORD SETUP WITH USING VARIABLES   ###\nDBName='my_database'\nDBUser='student'\nDBPassword='student123'\nDBRootPassword='student123'\nDBEndpoint='terraform-20220728140711562300000001.c51ts2vw0rg9.us-east-1.rds.amazonaws.com'\n\n\n\n",
            "vars": null
          },
          "sensitive_attributes": []
        }
      ]
    },
    {
      "mode": "managed",
      "type": "aws_autoscaling_group",
      "name": "auto_scl_gp",
      "provider": "provider[\"registry.terraform.io/hashicorp/aws\"]",
      "instances": [
        {
          "schema_version": 0,
          "attributes": {
            "arn": "arn:aws:autoscaling:us-east-1:010978120347:autoScalingGroup:be4fe4fb-2730-4597-899f-9882df059962:autoScalingGroupName/auto_scalling_group",
            "availability_zones": [
              "us-east-1a",
              "us-east-1b"
            ],
            "capacity_rebalance": false,
            "context": "",
            "default_cooldown": 300,
            "default_instance_warmup": 0,
            "desired_capacity": 1,
            "enabled_metrics": null,
            "force_delete": false,
            "force_delete_warm_pool": false,
            "health_check_grace_period": 300,
            "health_check_type": "ELB",
            "id": "auto_scalling_group",
            "initial_lifecycle_hook": [],
            "instance_refresh": [],
            "launch_configuration": "web_config",
            "launch_template": [],
            "load_balancers": null,
            "max_instance_lifetime": 0,
            "max_size": 1,
            "metrics_granularity": "1Minute",
            "min_elb_capacity": null,
            "min_size": 1,
            "mixed_instances_policy": [],
            "name": "auto_scalling_group",
            "name_prefix": "",
            "placement_group": "",
            "protect_from_scale_in": false,
            "service_linked_role_arn": "arn:aws:iam::010978120347:role/aws-service-role/autoscaling.amazonaws.com/AWSServiceRoleForAutoScaling",
            "suspended_processes": null,
            "tag": [
              {
                "key": "Name",
                "propagate_at_launch": true,
                "value": "tomcat_app_server"
              }
            ],
            "tags": null,
            "target_group_arns": [
              "arn:aws:elasticloadbalancing:us-east-1:010978120347:targetgroup/tf-example-lb-tg/eeaa1109f978ef6e"
            ],
            "termination_policies": null,
            "timeouts": null,
            "vpc_zone_identifier": [
              "subnet-051b8fe59d57f6f77",
              "subnet-06b6958fbe4ba6a52"
            ],
            "wait_for_capacity_timeout": "10m",
            "wait_for_elb_capacity": null,
            "warm_pool": []
          },
          "sensitive_attributes": [],
          "private": "eyJlMmJmYjczMC1lY2FhLTExZTYtOGY4OC0zNDM2M2JjN2M0YzAiOnsiZGVsZXRlIjo2MDAwMDAwMDAwMDAsInVwZGF0ZSI6NjAwMDAwMDAwMDAwfX0=",
          "dependencies": [
            "aws_launch_configuration.ec2_conf",
            "aws_lb_target_group.tar_gp",
            "data.aws_ami.ubuntu",
            "data.aws_security_group.db_security_group_available",
            "data.aws_subnet_ids.db_subnet_available",
            "data.aws_vpc.vpc_available",
            "data.template_file.user_data"
          ]
        }
      ]
    },
    {
      "mode": "managed",
      "type": "aws_key_pair",
      "name": "key",
      "provider": "provider[\"registry.terraform.io/hashicorp/aws\"]",
      "instances": [
        {
          "schema_version": 1,
          "attributes": {
            "arn": "arn:aws:ec2:us-east-1:010978120347:key-pair/key_demo",
            "fingerprint": "5d:c7:10:eb:15:31:47:1d:5e:d7:45:41:85:e8:57:3a",
            "id": "key_demo",
            "key_name": "key_demo",
            "key_name_prefix": "",
            "key_pair_id": "key-0a16f07084f451d5d",
            "key_type": "rsa",
            "public_key": "ssh-rsa AAAAB3NzaC1yc2EAAAADAQABAAABAQDAd/+XeqMuurPnVNhbn/IkYHdy90NRS/0OXP1VZFDSe6PO/ddc+sJmTzYW0JStI1FcD/F+7hyLbrVNQLs3jvX97vdsLGHCO1A3TepmON4GfHQHXDKx1m1vowezGLZPOB7cMpcToXFgFWWMytdmUB8uJKJFxMLwXRnEAlEfzi4c5Rx4AYsqRilt/QiYQiKk6NMLDQmY6eBhwffN+9W2zSYsV8uUhUbTKIPQRM3YMMkEJJvXXvpEdbIh+EjgH05D947P5gUiD3rVnST4onlcbOb7xyQNiqyyT4F/r4NLojrQfxcmtlHttVbKqRpSGM1gFEXRIWFtWUYHDt7tZqy7EVhv root@DESKTOP-MHQMU53",
            "tags": null,
            "tags_all": {}
          },
          "sensitive_attributes": [],
          "private": "eyJzY2hlbWFfdmVyc2lvbiI6IjEifQ=="
        }
      ]
    },
    {
      "mode": "managed",
      "type": "aws_launch_configuration",
      "name": "ec2_conf",
      "provider": "provider[\"registry.terraform.io/hashicorp/aws\"]",
      "instances": [
        {
          "schema_version": 0,
          "attributes": {
            "arn": "arn:aws:autoscaling:us-east-1:010978120347:launchConfiguration:6a012c98-6ba8-4602-aa1e-6c8d394cb928:launchConfigurationName/web_config",
            "associate_public_ip_address": true,
            "ebs_block_device": [],
            "ebs_optimized": false,
            "enable_monitoring": true,
            "ephemeral_block_device": [],
            "iam_instance_profile": "",
            "id": "web_config",
            "image_id": "ami-000b3a073fc20e415",
            "instance_type": "t2.micro",
            "key_name": "key_demo",
            "metadata_options": [],
            "name": "web_config",
            "name_prefix": "",
            "placement_tenancy": "",
            "root_block_device": [],
            "security_groups": [
              "sg-01792d5d4931b750b"
            ],
            "spot_price": "",
            "user_data": "d00e5d9350bc828543f693b595637331ab7c6715",
            "user_data_base64": null,
            "vpc_classic_link_id": "",
            "vpc_classic_link_security_groups": null
          },
          "sensitive_attributes": [],
          "private": "bnVsbA==",
          "dependencies": [
            "data.aws_ami.ubuntu",
            "data.aws_security_group.db_security_group_available",
            "data.template_file.user_data"
          ],
          "create_before_destroy": true
        }
      ]
    },
    {
      "mode": "managed",
      "type": "aws_lb",
      "name": "load_bal",
      "provider": "provider[\"registry.terraform.io/hashicorp/aws\"]",
      "instances": [
        {
          "schema_version": 0,
          "attributes": {
            "access_logs": [
              {
                "bucket": "",
                "enabled": false,
                "prefix": ""
              }
            ],
            "arn": "arn:aws:elasticloadbalancing:us-east-1:010978120347:loadbalancer/app/app-load-balancer/115e779bbc33df78",
            "arn_suffix": "app/app-load-balancer/115e779bbc33df78",
            "customer_owned_ipv4_pool": "",
            "desync_mitigation_mode": "defensive",
            "dns_name": "app-load-balancer-1449039509.us-east-1.elb.amazonaws.com",
            "drop_invalid_header_fields": false,
            "enable_cross_zone_load_balancing": null,
            "enable_deletion_protection": false,
            "enable_http2": true,
            "enable_waf_fail_open": false,
            "id": "arn:aws:elasticloadbalancing:us-east-1:010978120347:loadbalancer/app/app-load-balancer/115e779bbc33df78",
            "idle_timeout": 60,
            "internal": false,
            "ip_address_type": "ipv4",
            "load_balancer_type": "application",
            "name": "app-load-balancer",
            "name_prefix": null,
            "security_groups": [
              "sg-01792d5d4931b750b"
            ],
            "subnet_mapping": [
              {
                "allocation_id": "",
                "ipv6_address": "",
                "outpost_id": "",
                "private_ipv4_address": "",
                "subnet_id": "subnet-051b8fe59d57f6f77"
              },
              {
                "allocation_id": "",
                "ipv6_address": "",
                "outpost_id": "",
                "private_ipv4_address": "",
                "subnet_id": "subnet-06b6958fbe4ba6a52"
              }
            ],
            "subnets": [
              "subnet-051b8fe59d57f6f77",
              "subnet-06b6958fbe4ba6a52"
            ],
            "tags": {
              "Environment": "UTA"
            },
            "tags_all": {
              "Environment": "UTA"
            },
            "timeouts": null,
            "vpc_id": "vpc-089f9c79921b1cd7a",
            "zone_id": "Z35SXDOTRQ7X7K"
          },
          "sensitive_attributes": [],
          "private": "eyJlMmJmYjczMC1lY2FhLTExZTYtOGY4OC0zNDM2M2JjN2M0YzAiOnsiY3JlYXRlIjo2MDAwMDAwMDAwMDAsImRlbGV0ZSI6NjAwMDAwMDAwMDAwLCJ1cGRhdGUiOjYwMDAwMDAwMDAwMH19",
          "dependencies": [
            "data.aws_security_group.db_security_group_available",
            "data.aws_subnet_ids.db_subnet_available"
          ]
        }
      ]
    },
    {
      "mode": "managed",
      "type": "aws_lb_listener",
      "name": "front_end",
      "provider": "provider[\"registry.terraform.io/hashicorp/aws\"]",
      "instances": [
        {
          "schema_version": 0,
          "attributes": {
            "alpn_policy": null,
            "arn": "arn:aws:elasticloadbalancing:us-east-1:010978120347:listener/app/app-load-balancer/115e779bbc33df78/1f4521219a66764f",
            "certificate_arn": null,
            "default_action": [
              {
                "authenticate_cognito": [],
                "authenticate_oidc": [],
                "fixed_response": [],
                "forward": [],
                "order": 1,
                "redirect": [],
                "target_group_arn": "arn:aws:elasticloadbalancing:us-east-1:010978120347:targetgroup/tf-example-lb-tg/eeaa1109f978ef6e",
                "type": "forward"
              }
            ],
            "id": "arn:aws:elasticloadbalancing:us-east-1:010978120347:listener/app/app-load-balancer/115e779bbc33df78/1f4521219a66764f",
            "load_balancer_arn": "arn:aws:elasticloadbalancing:us-east-1:010978120347:loadbalancer/app/app-load-balancer/115e779bbc33df78",
            "port": 80,
            "protocol": "HTTP",
            "ssl_policy": "",
            "tags": null,
            "tags_all": {},
            "timeouts": null
          },
          "sensitive_attributes": [],
          "private": "eyJlMmJmYjczMC1lY2FhLTExZTYtOGY4OC0zNDM2M2JjN2M0YzAiOnsicmVhZCI6NjAwMDAwMDAwMDAwfX0=",
          "dependencies": [
            "aws_lb.load_bal",
            "aws_lb_target_group.tar_gp",
            "data.aws_security_group.db_security_group_available",
            "data.aws_subnet_ids.db_subnet_available",
            "data.aws_vpc.vpc_available"
          ]
        }
      ]
    },
    {
      "mode": "managed",
      "type": "aws_lb_target_group",
      "name": "tar_gp",
      "provider": "provider[\"registry.terraform.io/hashicorp/aws\"]",
      "instances": [
        {
          "schema_version": 0,
          "attributes": {
            "arn": "arn:aws:elasticloadbalancing:us-east-1:010978120347:targetgroup/tf-example-lb-tg/eeaa1109f978ef6e",
            "arn_suffix": "targetgroup/tf-example-lb-tg/eeaa1109f978ef6e",
            "connection_termination": false,
            "deregistration_delay": "300",
            "health_check": [
              {
                "enabled": true,
                "healthy_threshold": 5,
                "interval": 30,
                "matcher": "200",
                "path": "/",
                "port": "traffic-port",
                "protocol": "HTTP",
                "timeout": 5,
                "unhealthy_threshold": 2
              }
            ],
            "id": "arn:aws:elasticloadbalancing:us-east-1:010978120347:targetgroup/tf-example-lb-tg/eeaa1109f978ef6e",
            "lambda_multi_value_headers_enabled": false,
            "load_balancing_algorithm_type": "round_robin",
            "name": "tf-example-lb-tg",
            "name_prefix": null,
            "port": 80,
            "preserve_client_ip": null,
            "protocol": "HTTP",
            "protocol_version": "HTTP1",
            "proxy_protocol_v2": false,
            "slow_start": 0,
            "stickiness": [
              {
                "cookie_duration": 86400,
                "cookie_name": "",
                "enabled": false,
                "type": "lb_cookie"
              }
            ],
            "tags": null,
            "tags_all": {},
            "target_type": "instance",
            "vpc_id": "vpc-089f9c79921b1cd7a"
          },
          "sensitive_attributes": [],
          "private": "bnVsbA==",
          "dependencies": [
            "data.aws_vpc.vpc_available"
          ]
        }
      ]
    },
    {
      "mode": "managed",
      "type": "tls_private_key",
      "name": "gen_key",
      "provider": "provider[\"registry.terraform.io/hashicorp/tls\"]",
      "instances": [
        {
          "schema_version": 1,
          "attributes": {
            "algorithm": "RSA",
            "ecdsa_curve": "P224",
            "id": "60bff5429b7de9a9dfac0e6b6ef42b02befcf47b",
            "private_key_openssh": "-----BEGIN OPENSSH PRIVATE KEY-----\nb3BlbnNzaC1rZXktdjEAAAAABG5vbmUAAAAEbm9uZQAAAAAAAAABAAACFwAAAAdz\nc2gtcnNhAAAAAwEAAQAAAgEArFpvRHYf6O5Nn/75H6VZi1/cIhWOTFlzKJH6Puhg\nfo0SbyR5F71cCbLdeoi3h4kcCI4XYo9srrfY/j4rp2n4S/gEtjvuK05VH+dSQIsK\nyBnJxPSQ0il/xYuPFF89Px03PucsLEsajV4/HnPBCwHRrVBNRLGVOnAMd/Ooo5jz\nizi/Cj1GsuqiHmNZLhU7q0W/kRixfZLioD/AZ3NH6+uWBH72g9ilHNtSa1UWxQr4\neiexeWnrC9bZ+lJeYYr/BnvS8ix+nDfxxE836vj2uxK6njGBw/AQs64b1OXuUMrc\n223yaGWukpOw5EJnGNPuYl54Y0lj8T+ujyCJDTG91YsnNSxUEnBhbIEkm4kuXfBM\nGDwDy8/thIr51yk+sNjZvkGCoCet5gxIDGB3Y/ScSdlhhQSV2nZrL+4PruxVZ2UU\nMGrr1RQqCxJAQAQWrgxv/9KoSPg8XWLGG4n5fgLtfALzwTPD85Nu/lODFU/ipRWJ\nxIDiJ5EdEbKWKFQ7awKtADpJOaIqMi9sMH19Bnef0rw1JFwt/OIKJRDK7QDHemrr\nHjgldm6rgUl3C6PCo/80pxeBCUKc0OW9EZez+lFjTSHBYTvTrOEZ+ZhwfyZBRJtn\n3VFwXk1K3Rikbvw77SdN6LvMvfRWTBD3U9LErS+DiR+RyjtJai1aqqJ+W0+S1m62\nEc0AAAc40eLl3dHi5d0AAAAHc3NoLXJzYQAAAgEArFpvRHYf6O5Nn/75H6VZi1/c\nIhWOTFlzKJH6Puhgfo0SbyR5F71cCbLdeoi3h4kcCI4XYo9srrfY/j4rp2n4S/gE\ntjvuK05VH+dSQIsKyBnJxPSQ0il/xYuPFF89Px03PucsLEsajV4/HnPBCwHRrVBN\nRLGVOnAMd/Ooo5jzizi/Cj1GsuqiHmNZLhU7q0W/kRixfZLioD/AZ3NH6+uWBH72\ng9ilHNtSa1UWxQr4eiexeWnrC9bZ+lJeYYr/BnvS8ix+nDfxxE836vj2uxK6njGB\nw/AQs64b1OXuUMrc223yaGWukpOw5EJnGNPuYl54Y0lj8T+ujyCJDTG91YsnNSxU\nEnBhbIEkm4kuXfBMGDwDy8/thIr51yk+sNjZvkGCoCet5gxIDGB3Y/ScSdlhhQSV\n2nZrL+4PruxVZ2UUMGrr1RQqCxJAQAQWrgxv/9KoSPg8XWLGG4n5fgLtfALzwTPD\n85Nu/lODFU/ipRWJxIDiJ5EdEbKWKFQ7awKtADpJOaIqMi9sMH19Bnef0rw1JFwt\n/OIKJRDK7QDHemrrHjgldm6rgUl3C6PCo/80pxeBCUKc0OW9EZez+lFjTSHBYTvT\nrOEZ+ZhwfyZBRJtn3VFwXk1K3Rikbvw77SdN6LvMvfRWTBD3U9LErS+DiR+RyjtJ\nai1aqqJ+W0+S1m62Ec0AAAADAQABAAACAAksRv+9ybT7+eWqDFhC1KE2WOD3hLtL\nh3WBT3BJrdkOaQzBRDCfQ2bAvkjnPd1YzsUlytjUCVTDNClT5b7jRPPGH3oTdnmX\nkbBA/3+v5sL/nF1/JrYIv2QkKVlMOFZDl80hQJia5q7fdTyJrJyJXD99Jp+hU+/o\nRsGblj4exdeDDafd2wVqt3Ymk3iAaMyUyb1PMyMbzjP5MKRQ3mMQBsv2dehOf3sp\nsRlFThDupIrb0fZETN40cSWBfMR0QV52+KMq+xIVaCiqjq9S0M7kEEqbF+z1ue3W\nNmT+V9C0+0wybdRglQn4ElITtqj7npRdssqV/Vu5p/C2KpUpMJFM9qkndeNtxqNu\nUQKUtsIpGuJMEFNmq0TigDcmEmGJSxQMeHDzg/QWeWFButeZXo5Xpm0qI7TSwpVz\noekPVVSJSAmVIJZja8kUTTGMkA4hUOqocmGuMHxpeGAmmUkNBr+gmYKm8dPjbQQB\nwk180k74kwq0qH5ChrFGWXrvJT44GuS75/JBBvJ8qI9098/MzKidKIEDBLwBQqx9\nE6xBpt8vAj+PxT/uu5G7A4kVuwDkajKlhTS0sccGjdEsJYPuIKt1jpf2z57h9mb1\nSO3BG+D4+PdIuGddT7ZWytVFnB9nDymJfaMs2CagSO1ybMR1P1Dw4T3nf8tRz/Up\njj2//kaKmZwBAAABAQCx0uOK09POip8isYgS36IxPI76Q4Qfd3e/uXoM/6FcwP53\nNbgazXX1wazNPzONWRWTzE/gLHLO5phFGSWeXDRTfV+wmaysWDYmzB4G8/VFjBZ6\nmcsjoF8LhzOkFAljyqPZvBCOM0ntknriUxYy4sqTSXSIRaV5Cl37tS0U+nmHHNHF\nY7T2UpmPcc+oNFO94Ohag5DmXFgPWe5yzRHhjcDT0f7SvR4+aRbXME1gxCtO4aTm\nug3onV5IOm/x3Apv1gmGTPxYiRlOY0hhms3F70M+xQrxQIFNrzg+TthK/nlPUISk\nVQ/FqFNXaMTKCY2Uxl4DYJpnWdFnzc1iz/8t+ahnAAABAQDONXgz0emwD0Wpmmv5\n2UInYmebQxXdR6tFOEMmu1Rsb066T5+V5BIoKdqcg/ks8g2zK7I2YrEWMMTUfWod\nEf5/rimGdezgjPmn1sJioKFFx705myfEks1GbMI6sny6/WSUxFU8ctkUDHprgllH\naVgbbJXo+VeJjF3HX37Q5JVVwLIIN/tQ59nY0pexMZlTq+SeZj846Q7izZZvsqqO\n6R6Iz8hsZihnueDR1tqsJVuRQocHxEqWxBmConAcaSMXkA4q5KUsfnlGMYV0wov7\nvwTMzwM910zE21z2cR8psZKfWp/qPFMCVKTUyOWbUsTyh1XdtsHTNBqXtAlW0ddu\n/t35AAABAQDV+Dmsjj+EbVfNRxw/eQuWyVt435pKrfC2s6sT1c0YRNQSlhWM42j2\n0+XOP6z9HOkvS7OExiGdygUC0wIUlx9Wh/scz2JMP8NLsQtE46DMgduOUu1BFBFG\nYU9IPsQGtFyWcxSPSRrE3yySMHVIG3xFhJ7wlVtCFXCrYNA0oxJR/Ovu/t+0mu98\nNKbNvIF+xBlRUmGf1OvsN15lZvPU21n1cLXvz+HLCl775W3FVA+nuQ+YUJ5biNel\nBJ3nIo+/eSOybpy6F1LW85ipvfs0EVc4UqurHZIy0ZRWt6XUnXeH9LXuQtGvjInB\nWAuKhNzSdWf7GX8iIVp/+MGpMUAb41d1AAAAAAEC\n-----END OPENSSH PRIVATE KEY-----\n",
            "private_key_pem": "-----BEGIN RSA PRIVATE KEY-----\nMIIJKQIBAAKCAgEArFpvRHYf6O5Nn/75H6VZi1/cIhWOTFlzKJH6Puhgfo0SbyR5\nF71cCbLdeoi3h4kcCI4XYo9srrfY/j4rp2n4S/gEtjvuK05VH+dSQIsKyBnJxPSQ\n0il/xYuPFF89Px03PucsLEsajV4/HnPBCwHRrVBNRLGVOnAMd/Ooo5jzizi/Cj1G\nsuqiHmNZLhU7q0W/kRixfZLioD/AZ3NH6+uWBH72g9ilHNtSa1UWxQr4eiexeWnr\nC9bZ+lJeYYr/BnvS8ix+nDfxxE836vj2uxK6njGBw/AQs64b1OXuUMrc223yaGWu\nkpOw5EJnGNPuYl54Y0lj8T+ujyCJDTG91YsnNSxUEnBhbIEkm4kuXfBMGDwDy8/t\nhIr51yk+sNjZvkGCoCet5gxIDGB3Y/ScSdlhhQSV2nZrL+4PruxVZ2UUMGrr1RQq\nCxJAQAQWrgxv/9KoSPg8XWLGG4n5fgLtfALzwTPD85Nu/lODFU/ipRWJxIDiJ5Ed\nEbKWKFQ7awKtADpJOaIqMi9sMH19Bnef0rw1JFwt/OIKJRDK7QDHemrrHjgldm6r\ngUl3C6PCo/80pxeBCUKc0OW9EZez+lFjTSHBYTvTrOEZ+ZhwfyZBRJtn3VFwXk1K\n3Rikbvw77SdN6LvMvfRWTBD3U9LErS+DiR+RyjtJai1aqqJ+W0+S1m62Ec0CAwEA\nAQKCAgAJLEb/vcm0+/nlqgxYQtShNljg94S7S4d1gU9wSa3ZDmkMwUQwn0NmwL5I\n5z3dWM7FJcrY1AlUwzQpU+W+40Tzxh96E3Z5l5GwQP9/r+bC/5xdfya2CL9kJClZ\nTDhWQ5fNIUCYmuau33U8iayciVw/fSafoVPv6EbBm5Y+HsXXgw2n3dsFard2JpN4\ngGjMlMm9TzMjG84z+TCkUN5jEAbL9nXoTn97KbEZRU4Q7qSK29H2REzeNHElgXzE\ndEFedvijKvsSFWgoqo6vUtDO5BBKmxfs9bnt1jZk/lfQtPtMMm3UYJUJ+BJSE7ao\n+56UXbLKlf1buafwtiqVKTCRTPapJ3XjbcajblEClLbCKRriTBBTZqtE4oA3JhJh\niUsUDHhw84P0FnlhQbrXmV6OV6ZtKiO00sKVc6HpD1VUiUgJlSCWY2vJFE0xjJAO\nIVDqqHJhrjB8aXhgJplJDQa/oJmCpvHT420EAcJNfNJO+JMKtKh+QoaxRll67yU+\nOBrku+fyQQbyfKiPdPfPzMyonSiBAwS8AUKsfROsQabfLwI/j8U/7ruRuwOJFbsA\n5GoypYU0tLHHBo3RLCWD7iCrdY6X9s+e4fZm9UjtwRvg+Pj3SLhnXU+2VsrVRZwf\nZw8piX2jLNgmoEjtcmzEdT9Q8OE953/LUc/1KY49v/5GipmcAQKCAQEAzjV4M9Hp\nsA9FqZpr+dlCJ2Jnm0MV3UerRThDJrtUbG9Ouk+fleQSKCnanIP5LPINsyuyNmKx\nFjDE1H1qHRH+f64phnXs4Iz5p9bCYqChRce9OZsnxJLNRmzCOrJ8uv1klMRVPHLZ\nFAx6a4JZR2lYG2yV6PlXiYxdx19+0OSVVcCyCDf7UOfZ2NKXsTGZU6vknmY/OOkO\n4s2Wb7KqjukeiM/IbGYoZ7ng0dbarCVbkUKHB8RKlsQZgqJwHGkjF5AOKuSlLH55\nRjGFdMKL+78EzM8DPddMxNtc9nEfKbGSn1qf6jxTAlSk1Mjlm1LE8odV3bbB0zQa\nl7QJVtHXbv7d+QKCAQEA1fg5rI4/hG1XzUccP3kLlslbeN+aSq3wtrOrE9XNGETU\nEpYVjONo9tPlzj+s/RzpL0uzhMYhncoFAtMCFJcfVof7HM9iTD/DS7ELROOgzIHb\njlLtQRQRRmFPSD7EBrRclnMUj0kaxN8skjB1SBt8RYSe8JVbQhVwq2DQNKMSUfzr\n7v7ftJrvfDSmzbyBfsQZUVJhn9Tr7DdeZWbz1NtZ9XC178/hywpe++VtxVQPp7kP\nmFCeW4jXpQSd5yKPv3kjsm6cuhdS1vOYqb37NBFXOFKrqx2SMtGUVrel1J13h/S1\n7kLRr4yJwVgLioTc0nVn+xl/IiFaf/jBqTFAG+NXdQKCAQA4VlFlzvbKfBGrOZ5A\nX4P8YJ0vxQ9HKlp3idyGy21QRsS6kCBogiwXvv+T/VZpWiQ2DD0fMK1zA5Xy++Su\n1oiyd3Gu46741msq2Li422vUNbLT9zjRMs5UbEhQYw1CxRHitxUWc8Ys/Q/BKZac\ntQI2U99NDDpHQQsp+kQabCkEiaXaKvlFbGKPI1IAPi3Gt1K5l/Oz57CCdGqiT6zb\naINIG4SFYQ+u7xCmI84QdBBlSki77Xv3XtIdZ6W7jVniCSBlxZv+4PrfG457jN9T\nwydbkT8weQ7nRYtLZTJ/YJ1PXiIMi7ieDWQPImfgnKdkH2dtMI4Z1sVhJvXaO3Bh\nSc55AoIBAQDBs4p6pPfpaZc/1a1D5M/R/I1beolSK+8rZrFsLnQSEVUvUkFGHyUJ\ntkBnG4v+Q+rxjwWAIGGUV6t7qAxNGZYcHtP8e92QC3VAE5GRFsSd/r0FNhtke8c7\nwKImU/Pf4e2joaCuKk8ahLLz0PyLf55bzLiaMYvA4mnyK52w2SOfp2jrHj7kYBKH\njZ6nx4wvd1U4Im0QZZACcwl4oOACBWWF5Tg/ViEhT003mrZqGjRl8QmmKO2DDfmy\ngOB1uvsJKqBfSvWFHdI3l6TPnZZIx53+9hBEw2tzp/kzG+P6+2aXZLhCbqkm1AJt\nTsh76NWDjRfJ4IYQHsOv8EFZaqWP2Zp1AoIBAQCx0uOK09POip8isYgS36IxPI76\nQ4Qfd3e/uXoM/6FcwP53NbgazXX1wazNPzONWRWTzE/gLHLO5phFGSWeXDRTfV+w\nmaysWDYmzB4G8/VFjBZ6mcsjoF8LhzOkFAljyqPZvBCOM0ntknriUxYy4sqTSXSI\nRaV5Cl37tS0U+nmHHNHFY7T2UpmPcc+oNFO94Ohag5DmXFgPWe5yzRHhjcDT0f7S\nvR4+aRbXME1gxCtO4aTmug3onV5IOm/x3Apv1gmGTPxYiRlOY0hhms3F70M+xQrx\nQIFNrzg+TthK/nlPUISkVQ/FqFNXaMTKCY2Uxl4DYJpnWdFnzc1iz/8t+ahn\n-----END RSA PRIVATE KEY-----\n",
            "private_key_pem_pkcs8": "-----BEGIN PRIVATE KEY-----\nMIIJQwIBADANBgkqhkiG9w0BAQEFAASCCS0wggkpAgEAAoICAQCsWm9Edh/o7k2f\n/vkfpVmLX9wiFY5MWXMokfo+6GB+jRJvJHkXvVwJst16iLeHiRwIjhdij2yut9j+\nPiunafhL+AS2O+4rTlUf51JAiwrIGcnE9JDSKX/Fi48UXz0/HTc+5ywsSxqNXj8e\nc8ELAdGtUE1EsZU6cAx386ijmPOLOL8KPUay6qIeY1kuFTurRb+RGLF9kuKgP8Bn\nc0fr65YEfvaD2KUc21JrVRbFCvh6J7F5aesL1tn6Ul5hiv8Ge9LyLH6cN/HETzfq\n+Pa7ErqeMYHD8BCzrhvU5e5QytzbbfJoZa6Sk7DkQmcY0+5iXnhjSWPxP66PIIkN\nMb3Viyc1LFQScGFsgSSbiS5d8EwYPAPLz+2EivnXKT6w2Nm+QYKgJ63mDEgMYHdj\n9JxJ2WGFBJXadmsv7g+u7FVnZRQwauvVFCoLEkBABBauDG//0qhI+DxdYsYbifl+\nAu18AvPBM8Pzk27+U4MVT+KlFYnEgOInkR0RspYoVDtrAq0AOkk5oioyL2wwfX0G\nd5/SvDUkXC384golEMrtAMd6auseOCV2bquBSXcLo8Kj/zSnF4EJQpzQ5b0Rl7P6\nUWNNIcFhO9Os4Rn5mHB/JkFEm2fdUXBeTUrdGKRu/DvtJ03ou8y99FZMEPdT0sSt\nL4OJH5HKO0lqLVqqon5bT5LWbrYRzQIDAQABAoICAAksRv+9ybT7+eWqDFhC1KE2\nWOD3hLtLh3WBT3BJrdkOaQzBRDCfQ2bAvkjnPd1YzsUlytjUCVTDNClT5b7jRPPG\nH3oTdnmXkbBA/3+v5sL/nF1/JrYIv2QkKVlMOFZDl80hQJia5q7fdTyJrJyJXD99\nJp+hU+/oRsGblj4exdeDDafd2wVqt3Ymk3iAaMyUyb1PMyMbzjP5MKRQ3mMQBsv2\ndehOf3spsRlFThDupIrb0fZETN40cSWBfMR0QV52+KMq+xIVaCiqjq9S0M7kEEqb\nF+z1ue3WNmT+V9C0+0wybdRglQn4ElITtqj7npRdssqV/Vu5p/C2KpUpMJFM9qkn\ndeNtxqNuUQKUtsIpGuJMEFNmq0TigDcmEmGJSxQMeHDzg/QWeWFButeZXo5Xpm0q\nI7TSwpVzoekPVVSJSAmVIJZja8kUTTGMkA4hUOqocmGuMHxpeGAmmUkNBr+gmYKm\n8dPjbQQBwk180k74kwq0qH5ChrFGWXrvJT44GuS75/JBBvJ8qI9098/MzKidKIED\nBLwBQqx9E6xBpt8vAj+PxT/uu5G7A4kVuwDkajKlhTS0sccGjdEsJYPuIKt1jpf2\nz57h9mb1SO3BG+D4+PdIuGddT7ZWytVFnB9nDymJfaMs2CagSO1ybMR1P1Dw4T3n\nf8tRz/Upjj2//kaKmZwBAoIBAQDONXgz0emwD0Wpmmv52UInYmebQxXdR6tFOEMm\nu1Rsb066T5+V5BIoKdqcg/ks8g2zK7I2YrEWMMTUfWodEf5/rimGdezgjPmn1sJi\noKFFx705myfEks1GbMI6sny6/WSUxFU8ctkUDHprgllHaVgbbJXo+VeJjF3HX37Q\n5JVVwLIIN/tQ59nY0pexMZlTq+SeZj846Q7izZZvsqqO6R6Iz8hsZihnueDR1tqs\nJVuRQocHxEqWxBmConAcaSMXkA4q5KUsfnlGMYV0wov7vwTMzwM910zE21z2cR8p\nsZKfWp/qPFMCVKTUyOWbUsTyh1XdtsHTNBqXtAlW0ddu/t35AoIBAQDV+Dmsjj+E\nbVfNRxw/eQuWyVt435pKrfC2s6sT1c0YRNQSlhWM42j20+XOP6z9HOkvS7OExiGd\nygUC0wIUlx9Wh/scz2JMP8NLsQtE46DMgduOUu1BFBFGYU9IPsQGtFyWcxSPSRrE\n3yySMHVIG3xFhJ7wlVtCFXCrYNA0oxJR/Ovu/t+0mu98NKbNvIF+xBlRUmGf1Ovs\nN15lZvPU21n1cLXvz+HLCl775W3FVA+nuQ+YUJ5biNelBJ3nIo+/eSOybpy6F1LW\n85ipvfs0EVc4UqurHZIy0ZRWt6XUnXeH9LXuQtGvjInBWAuKhNzSdWf7GX8iIVp/\n+MGpMUAb41d1AoIBADhWUWXO9sp8Eas5nkBfg/xgnS/FD0cqWneJ3IbLbVBGxLqQ\nIGiCLBe+/5P9VmlaJDYMPR8wrXMDlfL75K7WiLJ3ca7jrvjWayrYuLjba9Q1stP3\nONEyzlRsSFBjDULFEeK3FRZzxiz9D8Eplpy1AjZT300MOkdBCyn6RBpsKQSJpdoq\n+UVsYo8jUgA+Lca3UrmX87PnsIJ0aqJPrNtog0gbhIVhD67vEKYjzhB0EGVKSLvt\ne/de0h1npbuNWeIJIGXFm/7g+t8bjnuM31PDJ1uRPzB5DudFi0tlMn9gnU9eIgyL\nuJ4NZA8iZ+Ccp2QfZ20wjhnWxWEm9do7cGFJznkCggEBAMGzinqk9+lplz/VrUPk\nz9H8jVt6iVIr7ytmsWwudBIRVS9SQUYfJQm2QGcbi/5D6vGPBYAgYZRXq3uoDE0Z\nlhwe0/x73ZALdUATkZEWxJ3+vQU2G2R7xzvAoiZT89/h7aOhoK4qTxqEsvPQ/It/\nnlvMuJoxi8DiafIrnbDZI5+naOsePuRgEoeNnqfHjC93VTgibRBlkAJzCXig4AIF\nZYXlOD9WISFPTTeatmoaNGXxCaYo7YMN+bKA4HW6+wkqoF9K9YUd0jeXpM+dlkjH\nnf72EETDa3On+TMb4/r7ZpdkuEJuqSbUAm1OyHvo1YONF8nghhAew6/wQVlqpY/Z\nmnUCggEBALHS44rT086KnyKxiBLfojE8jvpDhB93d7+5egz/oVzA/nc1uBrNdfXB\nrM0/M41ZFZPMT+Ascs7mmEUZJZ5cNFN9X7CZrKxYNibMHgbz9UWMFnqZyyOgXwuH\nM6QUCWPKo9m8EI4zSe2SeuJTFjLiypNJdIhFpXkKXfu1LRT6eYcc0cVjtPZSmY9x\nz6g0U73g6FqDkOZcWA9Z7nLNEeGNwNPR/tK9Hj5pFtcwTWDEK07hpOa6DeidXkg6\nb/HcCm/WCYZM/FiJGU5jSGGazcXvQz7FCvFAgU2vOD5O2Er+eU9QhKRVD8WoU1do\nxMoJjZTGXgNgmmdZ0WfNzWLP/y35qGc=\n-----END PRIVATE KEY-----\n",
            "public_key_fingerprint_md5": "7d:06:74:2e:76:c6:14:5c:e7:6f:0e:38:3d:3f:0a:dd",
            "public_key_fingerprint_sha256": "SHA256:6WN6CYNJQaRBfc6lJKePlhsf5pEcfVWFRQje17karas",
            "public_key_openssh": "ssh-rsa AAAAB3NzaC1yc2EAAAADAQABAAACAQCsWm9Edh/o7k2f/vkfpVmLX9wiFY5MWXMokfo+6GB+jRJvJHkXvVwJst16iLeHiRwIjhdij2yut9j+PiunafhL+AS2O+4rTlUf51JAiwrIGcnE9JDSKX/Fi48UXz0/HTc+5ywsSxqNXj8ec8ELAdGtUE1EsZU6cAx386ijmPOLOL8KPUay6qIeY1kuFTurRb+RGLF9kuKgP8Bnc0fr65YEfvaD2KUc21JrVRbFCvh6J7F5aesL1tn6Ul5hiv8Ge9LyLH6cN/HETzfq+Pa7ErqeMYHD8BCzrhvU5e5QytzbbfJoZa6Sk7DkQmcY0+5iXnhjSWPxP66PIIkNMb3Viyc1LFQScGFsgSSbiS5d8EwYPAPLz+2EivnXKT6w2Nm+QYKgJ63mDEgMYHdj9JxJ2WGFBJXadmsv7g+u7FVnZRQwauvVFCoLEkBABBauDG//0qhI+DxdYsYbifl+Au18AvPBM8Pzk27+U4MVT+KlFYnEgOInkR0RspYoVDtrAq0AOkk5oioyL2wwfX0Gd5/SvDUkXC384golEMrtAMd6auseOCV2bquBSXcLo8Kj/zSnF4EJQpzQ5b0Rl7P6UWNNIcFhO9Os4Rn5mHB/JkFEm2fdUXBeTUrdGKRu/DvtJ03ou8y99FZMEPdT0sStL4OJH5HKO0lqLVqqon5bT5LWbrYRzQ==\n",
            "public_key_pem": "-----BEGIN PUBLIC KEY-----\nMIICIjANBgkqhkiG9w0BAQEFAAOCAg8AMIICCgKCAgEArFpvRHYf6O5Nn/75H6VZ\ni1/cIhWOTFlzKJH6Puhgfo0SbyR5F71cCbLdeoi3h4kcCI4XYo9srrfY/j4rp2n4\nS/gEtjvuK05VH+dSQIsKyBnJxPSQ0il/xYuPFF89Px03PucsLEsajV4/HnPBCwHR\nrVBNRLGVOnAMd/Ooo5jzizi/Cj1GsuqiHmNZLhU7q0W/kRixfZLioD/AZ3NH6+uW\nBH72g9ilHNtSa1UWxQr4eiexeWnrC9bZ+lJeYYr/BnvS8ix+nDfxxE836vj2uxK6\nnjGBw/AQs64b1OXuUMrc223yaGWukpOw5EJnGNPuYl54Y0lj8T+ujyCJDTG91Ysn\nNSxUEnBhbIEkm4kuXfBMGDwDy8/thIr51yk+sNjZvkGCoCet5gxIDGB3Y/ScSdlh\nhQSV2nZrL+4PruxVZ2UUMGrr1RQqCxJAQAQWrgxv/9KoSPg8XWLGG4n5fgLtfALz\nwTPD85Nu/lODFU/ipRWJxIDiJ5EdEbKWKFQ7awKtADpJOaIqMi9sMH19Bnef0rw1\nJFwt/OIKJRDK7QDHemrrHjgldm6rgUl3C6PCo/80pxeBCUKc0OW9EZez+lFjTSHB\nYTvTrOEZ+ZhwfyZBRJtn3VFwXk1K3Rikbvw77SdN6LvMvfRWTBD3U9LErS+DiR+R\nyjtJai1aqqJ+W0+S1m62Ec0CAwEAAQ==\n-----END PUBLIC KEY-----\n",
            "rsa_bits": 4096
          },
          "sensitive_attributes": []
        }
      ]
    }
  ]
}
